// !$*UTF8*$!
{
	archiveVersion = 1;
	classes = {
	};
	objectVersion = 48;
	objects = {

/* Begin PBXBuildFile section */
		61B4CD841FCE6B7D006A9848 /* main.cpp in Sources */ = {isa = PBXBuildFile; fileRef = 61B4CD831FCE6B7D006A9848 /* main.cpp */; };
		61B4CD8D1FCE6BD9006A9848 /* OpenCL.framework in Frameworks */ = {isa = PBXBuildFile; fileRef = 61B4CD8B1FCE6BCC006A9848 /* OpenCL.framework */; };
		61B4CD8E1FCE6BD9006A9848 /* OpenGL.framework in Frameworks */ = {isa = PBXBuildFile; fileRef = 61B4CD8C1FCE6BCC006A9848 /* OpenGL.framework */; };
		61CB0A2E1FCF9E8E00834EC7 /* libraylib.a in Frameworks */ = {isa = PBXBuildFile; fileRef = 61CB0A2D1FCF9E8E00834EC7 /* libraylib.a */; };
		61CB0A301FCF9E9C00834EC7 /* libglfw.3.2.dylib in Frameworks */ = {isa = PBXBuildFile; fileRef = 61CB0A2F1FCF9E9C00834EC7 /* libglfw.3.2.dylib */; };
/* End PBXBuildFile section */

/* Begin PBXCopyFilesBuildPhase section */
		61B4CD7E1FCE6B7D006A9848 /* CopyFiles */ = {
			isa = PBXCopyFilesBuildPhase;
			buildActionMask = 2147483647;
			dstPath = /usr/share/man/man1/;
			dstSubfolderSpec = 0;
			files = (
			);
			runOnlyForDeploymentPostprocessing = 1;
		};
/* End PBXCopyFilesBuildPhase section */

/* Begin PBXFileReference section */
		61B4CD801FCE6B7D006A9848 /* Raylib_Starter_CPlusPlus */ = {isa = PBXFileReference; explicitFileType = "compiled.mach-o.executable"; includeInIndex = 0; path = Raylib_Starter_CPlusPlus; sourceTree = BUILT_PRODUCTS_DIR; };
		61B4CD831FCE6B7D006A9848 /* main.cpp */ = {isa = PBXFileReference; lastKnownFileType = sourcecode.cpp.cpp; path = main.cpp; sourceTree = "<group>"; };
		61B4CD8B1FCE6BCC006A9848 /* OpenCL.framework */ = {isa = PBXFileReference; lastKnownFileType = wrapper.framework; name = OpenCL.framework; path = System/Library/Frameworks/OpenCL.framework; sourceTree = SDKROOT; };
		61B4CD8C1FCE6BCC006A9848 /* OpenGL.framework */ = {isa = PBXFileReference; lastKnownFileType = wrapper.framework; name = OpenGL.framework; path = System/Library/Frameworks/OpenGL.framework; sourceTree = SDKROOT; };
		61CB0A2D1FCF9E8E00834EC7 /* libraylib.a */ = {isa = PBXFileReference; lastKnownFileType = archive.ar; name = libraylib.a; path = ../../release/libs/osx/libraylib.a; sourceTree = "<group>"; };
		61CB0A2F1FCF9E9C00834EC7 /* libglfw.3.2.dylib */ = {isa = PBXFileReference; lastKnownFileType = "compiled.mach-o.dylib"; name = libglfw.3.2.dylib; path = ../../../../../../usr/local/Cellar/glfw/3.2.1/lib/libglfw.3.2.dylib; sourceTree = "<group>"; };
/* End PBXFileReference section */

/* Begin PBXFrameworksBuildPhase section */
		61B4CD7D1FCE6B7D006A9848 /* Frameworks */ = {
			isa = PBXFrameworksBuildPhase;
			buildActionMask = 2147483647;
			files = (
				61CB0A301FCF9E9C00834EC7 /* libglfw.3.2.dylib in Frameworks */,
				61CB0A2E1FCF9E8E00834EC7 /* libraylib.a in Frameworks */,
				61B4CD8D1FCE6BD9006A9848 /* OpenCL.framework in Frameworks */,
				61B4CD8E1FCE6BD9006A9848 /* OpenGL.framework in Frameworks */,
			);
			runOnlyForDeploymentPostprocessing = 0;
		};
/* End PBXFrameworksBuildPhase section */

/* Begin PBXGroup section */
		61B4CD771FCE6B7D006A9848 = {
			isa = PBXGroup;
			children = (
				61B4CD821FCE6B7D006A9848 /* Raylib_Starter_CPlusPlus */,
				61B4CD811FCE6B7D006A9848 /* Products */,
				61B4CD8A1FCE6BCC006A9848 /* Frameworks */,
			);
			sourceTree = "<group>";
		};
		61B4CD811FCE6B7D006A9848 /* Products */ = {
			isa = PBXGroup;
			children = (
				61B4CD801FCE6B7D006A9848 /* Raylib_Starter_CPlusPlus */,
			);
			name = Products;
			sourceTree = "<group>";
		};
		61B4CD821FCE6B7D006A9848 /* Raylib_Starter_CPlusPlus */ = {
			isa = PBXGroup;
			children = (
				61B4CD831FCE6B7D006A9848 /* main.cpp */,
			);
			path = Raylib_Starter_CPlusPlus;
			sourceTree = "<group>";
		};
		61B4CD8A1FCE6BCC006A9848 /* Frameworks */ = {
			isa = PBXGroup;
			children = (
				61CB0A2F1FCF9E9C00834EC7 /* libglfw.3.2.dylib */,
				61CB0A2D1FCF9E8E00834EC7 /* libraylib.a */,
				61B4CD8B1FCE6BCC006A9848 /* OpenCL.framework */,
				61B4CD8C1FCE6BCC006A9848 /* OpenGL.framework */,
			);
			name = Frameworks;
			sourceTree = "<group>";
		};
/* End PBXGroup section */

/* Begin PBXNativeTarget section */
		61B4CD7F1FCE6B7D006A9848 /* Raylib_Starter_CPlusPlus */ = {
			isa = PBXNativeTarget;
			buildConfigurationList = 61B4CD871FCE6B7D006A9848 /* Build configuration list for PBXNativeTarget "Raylib_Starter_CPlusPlus" */;
			buildPhases = (
				61B4CD7C1FCE6B7D006A9848 /* Sources */,
				61B4CD7D1FCE6B7D006A9848 /* Frameworks */,
				61B4CD7E1FCE6B7D006A9848 /* CopyFiles */,
			);
			buildRules = (
			);
			dependencies = (
			);
			name = Raylib_Starter_CPlusPlus;
			productName = Raylib_Starter_CPlusPlus;
			productReference = 61B4CD801FCE6B7D006A9848 /* Raylib_Starter_CPlusPlus */;
			productType = "com.apple.product-type.tool";
		};
/* End PBXNativeTarget section */

/* Begin PBXProject section */
		61B4CD781FCE6B7D006A9848 /* Project object */ = {
			isa = PBXProject;
			attributes = {
				LastUpgradeCheck = 0910;
				ORGANIZATIONNAME = "Braeden Foster";
				TargetAttributes = {
					61B4CD7F1FCE6B7D006A9848 = {
						CreatedOnToolsVersion = 9.1;
						ProvisioningStyle = Automatic;
					};
				};
			};
			buildConfigurationList = 61B4CD7B1FCE6B7D006A9848 /* Build configuration list for PBXProject "Raylib_Starter_CPlusPlus" */;
			compatibilityVersion = "Xcode 8.0";
			developmentRegion = en;
			hasScannedForEncodings = 0;
			knownRegions = (
				en,
			);
			mainGroup = 61B4CD771FCE6B7D006A9848;
			productRefGroup = 61B4CD811FCE6B7D006A9848 /* Products */;
			projectDirPath = "";
			projectRoot = "";
			targets = (
				61B4CD7F1FCE6B7D006A9848 /* Raylib_Starter_CPlusPlus */,
			);
		};
/* End PBXProject section */

/* Begin PBXSourcesBuildPhase section */
		61B4CD7C1FCE6B7D006A9848 /* Sources */ = {
			isa = PBXSourcesBuildPhase;
			buildActionMask = 2147483647;
			files = (
				61B4CD841FCE6B7D006A9848 /* main.cpp in Sources */,
			);
			runOnlyForDeploymentPostprocessing = 0;
		};
/* End PBXSourcesBuildPhase section */

/* Begin XCBuildConfiguration section */
		61B4CD851FCE6B7D006A9848 /* Debug */ = {
			isa = XCBuildConfiguration;
			buildSettings = {
				ALWAYS_SEARCH_USER_PATHS = NO;
				CLANG_ANALYZER_NONNULL = YES;
				CLANG_ANALYZER_NUMBER_OBJECT_CONVERSION = YES_AGGRESSIVE;
				CLANG_CXX_LANGUAGE_STANDARD = "gnu++14";
				CLANG_CXX_LIBRARY = "libc++";
				CLANG_ENABLE_MODULES = YES;
				CLANG_ENABLE_OBJC_ARC = YES;
				CLANG_WARN_BLOCK_CAPTURE_AUTORELEASING = YES;
				CLANG_WARN_BOOL_CONVERSION = YES;
				CLANG_WARN_COMMA = YES;
				CLANG_WARN_CONSTANT_CONVERSION = YES;
				CLANG_WARN_DIRECT_OBJC_ISA_USAGE = YES_ERROR;
				CLANG_WARN_DOCUMENTATION_COMMENTS = YES;
				CLANG_WARN_EMPTY_BODY = YES;
				CLANG_WARN_ENUM_CONVERSION = YES;
				CLANG_WARN_INFINITE_RECURSION = YES;
				CLANG_WARN_INT_CONVERSION = YES;
				CLANG_WARN_NON_LITERAL_NULL_CONVERSION = YES;
				CLANG_WARN_OBJC_LITERAL_CONVERSION = YES;
				CLANG_WARN_OBJC_ROOT_CLASS = YES_ERROR;
				CLANG_WARN_RANGE_LOOP_ANALYSIS = YES;
				CLANG_WARN_STRICT_PROTOTYPES = YES;
				CLANG_WARN_SUSPICIOUS_MOVE = YES;
				CLANG_WARN_UNGUARDED_AVAILABILITY = YES_AGGRESSIVE;
				CLANG_WARN_UNREACHABLE_CODE = YES;
				CLANG_WARN__DUPLICATE_METHOD_MATCH = YES;
				CODE_SIGN_IDENTITY = "-";
				COPY_PHASE_STRIP = NO;
				DEBUG_INFORMATION_FORMAT = dwarf;
				ENABLE_STRICT_OBJC_MSGSEND = YES;
				ENABLE_TESTABILITY = YES;
				GCC_C_LANGUAGE_STANDARD = gnu11;
				GCC_DYNAMIC_NO_PIC = NO;
				GCC_NO_COMMON_BLOCKS = YES;
				GCC_OPTIMIZATION_LEVEL = 0;
				GCC_PREPROCESSOR_DEFINITIONS = (
					"DEBUG=1",
					"$(inherited)",
				);
				GCC_WARN_64_TO_32_BIT_CONVERSION = YES;
				GCC_WARN_ABOUT_RETURN_TYPE = YES_ERROR;
				GCC_WARN_UNDECLARED_SELECTOR = YES;
				GCC_WARN_UNINITIALIZED_AUTOS = YES_AGGRESSIVE;
				GCC_WARN_UNUSED_FUNCTION = YES;
				GCC_WARN_UNUSED_VARIABLE = YES;
				MACOSX_DEPLOYMENT_TARGET = 10.13;
				MTL_ENABLE_DEBUG_INFO = YES;
				ONLY_ACTIVE_ARCH = YES;
				SDKROOT = macosx;
			};
			name = Debug;
		};
		61B4CD861FCE6B7D006A9848 /* Release */ = {
			isa = XCBuildConfiguration;
			buildSettings = {
				ALWAYS_SEARCH_USER_PATHS = NO;
				CLANG_ANALYZER_NONNULL = YES;
				CLANG_ANALYZER_NUMBER_OBJECT_CONVERSION = YES_AGGRESSIVE;
				CLANG_CXX_LANGUAGE_STANDARD = "gnu++14";
				CLANG_CXX_LIBRARY = "libc++";
				CLANG_ENABLE_MODULES = YES;
				CLANG_ENABLE_OBJC_ARC = YES;
				CLANG_WARN_BLOCK_CAPTURE_AUTORELEASING = YES;
				CLANG_WARN_BOOL_CONVERSION = YES;
				CLANG_WARN_COMMA = YES;
				CLANG_WARN_CONSTANT_CONVERSION = YES;
				CLANG_WARN_DIRECT_OBJC_ISA_USAGE = YES_ERROR;
				CLANG_WARN_DOCUMENTATION_COMMENTS = YES;
				CLANG_WARN_EMPTY_BODY = YES;
				CLANG_WARN_ENUM_CONVERSION = YES;
				CLANG_WARN_INFINITE_RECURSION = YES;
				CLANG_WARN_INT_CONVERSION = YES;
				CLANG_WARN_NON_LITERAL_NULL_CONVERSION = YES;
				CLANG_WARN_OBJC_LITERAL_CONVERSION = YES;
				CLANG_WARN_OBJC_ROOT_CLASS = YES_ERROR;
				CLANG_WARN_RANGE_LOOP_ANALYSIS = YES;
				CLANG_WARN_STRICT_PROTOTYPES = YES;
				CLANG_WARN_SUSPICIOUS_MOVE = YES;
				CLANG_WARN_UNGUARDED_AVAILABILITY = YES_AGGRESSIVE;
				CLANG_WARN_UNREACHABLE_CODE = YES;
				CLANG_WARN__DUPLICATE_METHOD_MATCH = YES;
				CODE_SIGN_IDENTITY = "-";
				COPY_PHASE_STRIP = NO;
				DEBUG_INFORMATION_FORMAT = "dwarf-with-dsym";
				ENABLE_NS_ASSERTIONS = NO;
				ENABLE_STRICT_OBJC_MSGSEND = YES;
				GCC_C_LANGUAGE_STANDARD = gnu11;
				GCC_NO_COMMON_BLOCKS = YES;
				GCC_WARN_64_TO_32_BIT_CONVERSION = YES;
				GCC_WARN_ABOUT_RETURN_TYPE = YES_ERROR;
				GCC_WARN_UNDECLARED_SELECTOR = YES;
				GCC_WARN_UNINITIALIZED_AUTOS = YES_AGGRESSIVE;
				GCC_WARN_UNUSED_FUNCTION = YES;
				GCC_WARN_UNUSED_VARIABLE = YES;
				MACOSX_DEPLOYMENT_TARGET = 10.13;
				MTL_ENABLE_DEBUG_INFO = NO;
				SDKROOT = macosx;
			};
			name = Release;
		};
		61B4CD881FCE6B7D006A9848 /* Debug */ = {
			isa = XCBuildConfiguration;
			buildSettings = {
				CODE_SIGN_STYLE = Automatic;
				HEADER_SEARCH_PATHS = "${SOURCE_ROOT}/../../release/include/";
				LIBRARY_SEARCH_PATHS = (
					"$(inherited)",
					/usr/local/Cellar/glfw/3.2.1/lib,
					"${SOURCE_ROOT}/../../release/libs/osx/",
				);
				PRODUCT_NAME = "$(TARGET_NAME)";
			};
			name = Debug;
		};
		61B4CD891FCE6B7D006A9848 /* Release */ = {
			isa = XCBuildConfiguration;
			buildSettings = {
				CODE_SIGN_STYLE = Automatic;
				HEADER_SEARCH_PATHS = "${SOURCE_ROOT}/../../release/include/";
				LIBRARY_SEARCH_PATHS = (
					"$(inherited)",
					/usr/local/Cellar/glfw/3.2.1/lib,
					"${SOURCE_ROOT}/../../release/libs/osx/",
				);
				PRODUCT_NAME = "$(TARGET_NAME)";
			};
			name = Release;
		};
/* End XCBuildConfiguration section */

/* Begin XCConfigurationList section */
		61B4CD7B1FCE6B7D006A9848 /* Build configuration list for PBXProject "Raylib_Starter_CPlusPlus" */ = {
			isa = XCConfigurationList;
			buildConfigurations = (
				61B4CD851FCE6B7D006A9848 /* Debug */,
				61B4CD861FCE6B7D006A9848 /* Release */,
			);
			defaultConfigurationIsVisible = 0;
			defaultConfigurationName = Release;
		};
		61B4CD871FCE6B7D006A9848 /* Build configuration list for PBXNativeTarget "Raylib_Starter_CPlusPlus" */ = {
			isa = XCConfigurationList;
			buildConfigurations = (
				61B4CD881FCE6B7D006A9848 /* Debug */,
				61B4CD891FCE6B7D006A9848 /* Release */,
			);
			defaultConfigurationIsVisible = 0;
			defaultConfigurationName = Release;
		};
/* End XCConfigurationList section */
	};
	rootObject = 61B4CD781FCE6B7D006A9848 /* Project object */;
}
